
Microsoft Visual Studio Solution File, Format Version 12.00
# Visual Studio 2013
VisualStudioVersion = 12.0.31101.0
MinimumVisualStudioVersion = 10.0.40219.1
Project("{FAE04EC0-301F-11D3-BF4B-00C04F79EFBC}") = "MicroORM_Dapper", "MicroORM_Dapper\MicroORM_Dapper.csproj", "{B7097EA7-4150-4FAD-9E15-A8760AF562AD}"
EndProject
Project("{FAE04EC0-301F-11D3-BF4B-00C04F79EFBC}") = "MicroORM_Massive", "MicroORM_Massive\MicroORM_Massive.csproj", "{B3B0FA2E-458D-417D-9811-0EDEEB92852E}"
EndProject
Project("{FAE04EC0-301F-11D3-BF4B-00C04F79EFBC}") = "MicroORM_PetaPoco", "MicroORM_PetaPoco\MicroORM_PetaPoco.csproj", "{5CAC24C8-FC9A-4043-9496-6FEBFA3CDA3F}"
EndProject
Global
	GlobalSection(SolutionConfigurationPlatforms) = preSolution
		Debug|Any CPU = Debug|Any CPU
		Release|Any CPU = Release|Any CPU
	EndGlobalSection
	GlobalSection(ProjectConfigurationPlatforms) = postSolution
		{B7097EA7-4150-4FAD-9E15-A8760AF562AD}.Debug|Any CPU.ActiveCfg = Debug|Any CPU
		{B7097EA7-4150-4FAD-9E15-A8760AF562AD}.Debug|Any CPU.Build.0 = Debug|Any CPU
		{B7097EA7-4150-4FAD-9E15-A8760AF562AD}.Release|Any CPU.ActiveCfg = Release|Any CPU
		{B7097EA7-4150-4FAD-9E15-A8760AF562AD}.Release|Any CPU.Build.0 = Release|Any CPU
		{B3B0FA2E-458D-417D-9811-0EDEEB92852E}.Debug|Any CPU.ActiveCfg = Debug|Any CPU
		{B3B0FA2E-458D-417D-9811-0EDEEB92852E}.Debug|Any CPU.Build.0 = Debug|Any CPU
		{B3B0FA2E-458D-417D-9811-0EDEEB92852E}.Release|Any CPU.ActiveCfg = Release|Any CPU
		{B3B0FA2E-458D-417D-9811-0EDEEB92852E}.Release|Any CPU.Build.0 = Release|Any CPU
		{5CAC24C8-FC9A-4043-9496-6FEBFA3CDA3F}.Debug|Any CPU.ActiveCfg = Debug|Any CPU
		{5CAC24C8-FC9A-4043-9496-6FEBFA3CDA3F}.Debug|Any CPU.Build.0 = Debug|Any CPU
		{5CAC24C8-FC9A-4043-9496-6FEBFA3CDA3F}.Release|Any CPU.ActiveCfg = Release|Any CPU
		{5CAC24C8-FC9A-4043-9496-6FEBFA3CDA3F}.Release|Any CPU.Build.0 = Release|Any CPU
	EndGlobalSection
	GlobalSection(SolutionProperties) = preSolution
		HideSolutionNode = FALSE
	EndGlobalSection
EndGlobal
